
Microsoft Visual Studio Solution File, Format Version 12.00
# Visual Studio 15
VisualStudioVersion = 15.0.28307.168
MinimumVisualStudioVersion = 10.0.40219.1
Project("{FAE04EC0-301F-11D3-BF4B-00C04F79EFBC}") = "TravelRecordApp.Android", "TravelRecordApp\TravelRecordApp.Android\TravelRecordApp.Android.csproj", "{A1946227-2998-45F5-8B6D-F0CA389547EE}"
EndProject
Project("{FAE04EC0-301F-11D3-BF4B-00C04F79EFBC}") = "TravelRecordApp.iOS", "TravelRecordApp\TravelRecordApp.iOS\TravelRecordApp.iOS.csproj", "{A4ED766F-8A12-4119-9B6B-B5DAFCC9E03C}"
EndProject
Project("{FAE04EC0-301F-11D3-BF4B-00C04F79EFBC}") = "TravelRecordApp", "TravelRecordApp\TravelRecordApp\TravelRecordApp.csproj", "{0E657969-B032-4698-93DA-DA2FA861CF63}"
EndProject
Global
	GlobalSection(SolutionConfigurationPlatforms) = preSolution
		Ad-Hoc|Any CPU = Ad-Hoc|Any CPU
		Ad-Hoc|iPhone = Ad-Hoc|iPhone
		Ad-Hoc|iPhoneSimulator = Ad-Hoc|iPhoneSimulator
		AppStore|Any CPU = AppStore|Any CPU
		AppStore|iPhone = AppStore|iPhone
		AppStore|iPhoneSimulator = AppStore|iPhoneSimulator
		Debug|Any CPU = Debug|Any CPU
		Debug|iPhone = Debug|iPhone
		Debug|iPhoneSimulator = Debug|iPhoneSimulator
		Release|Any CPU = Release|Any CPU
		Release|iPhone = Release|iPhone
		Release|iPhoneSimulator = Release|iPhoneSimulator
	EndGlobalSection
	GlobalSection(ProjectConfigurationPlatforms) = postSolution
		{A1946227-2998-45F5-8B6D-F0CA389547EE}.Ad-Hoc|Any CPU.ActiveCfg = Release|Any CPU
		{A1946227-2998-45F5-8B6D-F0CA389547EE}.Ad-Hoc|Any CPU.Build.0 = Release|Any CPU
		{A1946227-2998-45F5-8B6D-F0CA389547EE}.Ad-Hoc|Any CPU.Deploy.0 = Release|Any CPU
		{A1946227-2998-45F5-8B6D-F0CA389547EE}.Ad-Hoc|iPhone.ActiveCfg = Release|Any CPU
		{A1946227-2998-45F5-8B6D-F0CA389547EE}.Ad-Hoc|iPhone.Build.0 = Release|Any CPU
		{A1946227-2998-45F5-8B6D-F0CA389547EE}.Ad-Hoc|iPhone.Deploy.0 = Release|Any CPU
		{A1946227-2998-45F5-8B6D-F0CA389547EE}.Ad-Hoc|iPhoneSimulator.ActiveCfg = Release|Any CPU
		{A1946227-2998-45F5-8B6D-F0CA389547EE}.Ad-Hoc|iPhoneSimulator.Build.0 = Release|Any CPU
		{A1946227-2998-45F5-8B6D-F0CA389547EE}.Ad-Hoc|iPhoneSimulator.Deploy.0 = Release|Any CPU
		{A1946227-2998-45F5-8B6D-F0CA389547EE}.AppStore|Any CPU.ActiveCfg = Release|Any CPU
		{A1946227-2998-45F5-8B6D-F0CA389547EE}.AppStore|Any CPU.Build.0 = Release|Any CPU
		{A1946227-2998-45F5-8B6D-F0CA389547EE}.AppStore|Any CPU.Deploy.0 = Release|Any CPU
		{A1946227-2998-45F5-8B6D-F0CA389547EE}.AppStore|iPhone.ActiveCfg = Release|Any CPU
		{A1946227-2998-45F5-8B6D-F0CA389547EE}.AppStore|iPhone.Build.0 = Release|Any CPU
		{A1946227-2998-45F5-8B6D-F0CA389547EE}.AppStore|iPhone.Deploy.0 = Release|Any CPU
		{A1946227-2998-45F5-8B6D-F0CA389547EE}.AppStore|iPhoneSimulator.ActiveCfg = Release|Any CPU
		{A1946227-2998-45F5-8B6D-F0CA389547EE}.AppStore|iPhoneSimulator.Build.0 = Release|Any CPU
		{A1946227-2998-45F5-8B6D-F0CA389547EE}.AppStore|iPhoneSimulator.Deploy.0 = Release|Any CPU
		{A1946227-2998-45F5-8B6D-F0CA389547EE}.Debug|Any CPU.ActiveCfg = Debug|Any CPU
		{A1946227-2998-45F5-8B6D-F0CA389547EE}.Debug|Any CPU.Build.0 = Debug|Any CPU
		{A1946227-2998-45F5-8B6D-F0CA389547EE}.Debug|Any CPU.Deploy.0 = Debug|Any CPU
		{A1946227-2998-45F5-8B6D-F0CA389547EE}.Debug|iPhone.ActiveCfg = Debug|Any CPU
		{A1946227-2998-45F5-8B6D-F0CA389547EE}.Debug|iPhone.Build.0 = Debug|Any CPU
		{A1946227-2998-45F5-8B6D-F0CA389547EE}.Debug|iPhone.Deploy.0 = Debug|Any CPU
		{A1946227-2998-45F5-8B6D-F0CA389547EE}.Debug|iPhoneSimulator.ActiveCfg = Debug|Any CPU
		{A1946227-2998-45F5-8B6D-F0CA389547EE}.Debug|iPhoneSimulator.Build.0 = Debug|Any CPU
		{A1946227-2998-45F5-8B6D-F0CA389547EE}.Debug|iPhoneSimulator.Deploy.0 = Debug|Any CPU
		{A1946227-2998-45F5-8B6D-F0CA389547EE}.Release|Any CPU.ActiveCfg = Release|Any CPU
		{A1946227-2998-45F5-8B6D-F0CA389547EE}.Release|Any CPU.Build.0 = Release|Any CPU
		{A1946227-2998-45F5-8B6D-F0CA389547EE}.Release|Any CPU.Deploy.0 = Release|Any CPU
		{A1946227-2998-45F5-8B6D-F0CA389547EE}.Release|iPhone.ActiveCfg = Release|Any CPU
		{A1946227-2998-45F5-8B6D-F0CA389547EE}.Release|iPhone.Build.0 = Release|Any CPU
		{A1946227-2998-45F5-8B6D-F0CA389547EE}.Release|iPhone.Deploy.0 = Release|Any CPU
		{A1946227-2998-45F5-8B6D-F0CA389547EE}.Release|iPhoneSimulator.ActiveCfg = Release|Any CPU
		{A1946227-2998-45F5-8B6D-F0CA389547EE}.Release|iPhoneSimulator.Build.0 = Release|Any CPU
		{A1946227-2998-45F5-8B6D-F0CA389547EE}.Release|iPhoneSimulator.Deploy.0 = Release|Any CPU
		{A4ED766F-8A12-4119-9B6B-B5DAFCC9E03C}.Ad-Hoc|Any CPU.ActiveCfg = Ad-Hoc|iPhone
		{A4ED766F-8A12-4119-9B6B-B5DAFCC9E03C}.Ad-Hoc|Any CPU.Build.0 = Ad-Hoc|iPhone
		{A4ED766F-8A12-4119-9B6B-B5DAFCC9E03C}.Ad-Hoc|Any CPU.Deploy.0 = Ad-Hoc|iPhone
		{A4ED766F-8A12-4119-9B6B-B5DAFCC9E03C}.Ad-Hoc|iPhone.ActiveCfg = Ad-Hoc|iPhone
		{A4ED766F-8A12-4119-9B6B-B5DAFCC9E03C}.Ad-Hoc|iPhone.Build.0 = Ad-Hoc|iPhone
		{A4ED766F-8A12-4119-9B6B-B5DAFCC9E03C}.Ad-Hoc|iPhone.Deploy.0 = Ad-Hoc|iPhone
		{A4ED766F-8A12-4119-9B6B-B5DAFCC9E03C}.Ad-Hoc|iPhoneSimulator.ActiveCfg = Ad-Hoc|iPhoneSimulator
		{A4ED766F-8A12-4119-9B6B-B5DAFCC9E03C}.Ad-Hoc|iPhoneSimulator.Build.0 = Ad-Hoc|iPhoneSimulator
		{A4ED766F-8A12-4119-9B6B-B5DAFCC9E03C}.Ad-Hoc|iPhoneSimulator.Deploy.0 = Ad-Hoc|iPhoneSimulator
		{A4ED766F-8A12-4119-9B6B-B5DAFCC9E03C}.AppStore|Any CPU.ActiveCfg = AppStore|iPhone
		{A4ED766F-8A12-4119-9B6B-B5DAFCC9E03C}.AppStore|Any CPU.Build.0 = AppStore|iPhone
		{A4ED766F-8A12-4119-9B6B-B5DAFCC9E03C}.AppStore|Any CPU.Deploy.0 = AppStore|iPhone
		{A4ED766F-8A12-4119-9B6B-B5DAFCC9E03C}.AppStore|iPhone.ActiveCfg = AppStore|iPhone
		{A4ED766F-8A12-4119-9B6B-B5DAFCC9E03C}.AppStore|iPhone.Build.0 = AppStore|iPhone
		{A4ED766F-8A12-4119-9B6B-B5DAFCC9E03C}.AppStore|iPhone.Deploy.0 = AppStore|iPhone
		{A4ED766F-8A12-4119-9B6B-B5DAFCC9E03C}.AppStore|iPhoneSimulator.ActiveCfg = AppStore|iPhoneSimulator
		{A4ED766F-8A12-4119-9B6B-B5DAFCC9E03C}.AppStore|iPhoneSimulator.Build.0 = AppStore|iPhoneSimulator
		{A4ED766F-8A12-4119-9B6B-B5DAFCC9E03C}.AppStore|iPhoneSimulator.Deploy.0 = AppStore|iPhoneSimulator
		{A4ED766F-8A12-4119-9B6B-B5DAFCC9E03C}.Debug|Any CPU.ActiveCfg = Debug|iPhoneSimulator
		{A4ED766F-8A12-4119-9B6B-B5DAFCC9E03C}.Debug|Any CPU.Build.0 = Debug|iPhoneSimulator
		{A4ED766F-8A12-4119-9B6B-B5DAFCC9E03C}.Debug|Any CPU.Deploy.0 = Debug|iPhoneSimulator
		{A4ED766F-8A12-4119-9B6B-B5DAFCC9E03C}.Debug|iPhone.ActiveCfg = Debug|iPhone
		{A4ED766F-8A12-4119-9B6B-B5DAFCC9E03C}.Debug|iPhone.Build.0 = Debug|iPhone
		{A4ED766F-8A12-4119-9B6B-B5DAFCC9E03C}.Debug|iPhone.Deploy.0 = Debug|iPhone
		{A4ED766F-8A12-4119-9B6B-B5DAFCC9E03C}.Debug|iPhoneSimulator.ActiveCfg = Debug|iPhoneSimulator
		{A4ED766F-8A12-4119-9B6B-B5DAFCC9E03C}.Debug|iPhoneSimulator.Build.0 = Debug|iPhoneSimulator
		{A4ED766F-8A12-4119-9B6B-B5DAFCC9E03C}.Debug|iPhoneSimulator.Deploy.0 = Debug|iPhoneSimulator
		{A4ED766F-8A12-4119-9B6B-B5DAFCC9E03C}.Release|Any CPU.ActiveCfg = Release|iPhone
		{A4ED766F-8A12-4119-9B6B-B5DAFCC9E03C}.Release|Any CPU.Build.0 = Release|iPhone
		{A4ED766F-8A12-4119-9B6B-B5DAFCC9E03C}.Release|Any CPU.Deploy.0 = Release|iPhone
		{A4ED766F-8A12-4119-9B6B-B5DAFCC9E03C}.Release|iPhone.ActiveCfg = Release|iPhone
		{A4ED766F-8A12-4119-9B6B-B5DAFCC9E03C}.Release|iPhone.Build.0 = Release|iPhone
		{A4ED766F-8A12-4119-9B6B-B5DAFCC9E03C}.Release|iPhone.Deploy.0 = Release|iPhone
		{A4ED766F-8A12-4119-9B6B-B5DAFCC9E03C}.Release|iPhoneSimulator.ActiveCfg = Release|iPhoneSimulator
		{A4ED766F-8A12-4119-9B6B-B5DAFCC9E03C}.Release|iPhoneSimulator.Build.0 = Release|iPhoneSimulator
		{A4ED766F-8A12-4119-9B6B-B5DAFCC9E03C}.Release|iPhoneSimulator.Deploy.0 = Release|iPhoneSimulator
		{0E657969-B032-4698-93DA-DA2FA861CF63}.Ad-Hoc|Any CPU.ActiveCfg = Debug|Any CPU
		{0E657969-B032-4698-93DA-DA2FA861CF63}.Ad-Hoc|Any CPU.Build.0 = Debug|Any CPU
		{0E657969-B032-4698-93DA-DA2FA861CF63}.Ad-Hoc|Any CPU.Deploy.0 = Debug|Any CPU
		{0E657969-B032-4698-93DA-DA2FA861CF63}.Ad-Hoc|iPhone.ActiveCfg = Debug|Any CPU
		{0E657969-B032-4698-93DA-DA2FA861CF63}.Ad-Hoc|iPhone.Build.0 = Debug|Any CPU
		{0E657969-B032-4698-93DA-DA2FA861CF63}.Ad-Hoc|iPhone.Deploy.0 = Debug|Any CPU
		{0E657969-B032-4698-93DA-DA2FA861CF63}.Ad-Hoc|iPhoneSimulator.ActiveCfg = Debug|Any CPU
		{0E657969-B032-4698-93DA-DA2FA861CF63}.Ad-Hoc|iPhoneSimulator.Build.0 = Debug|Any CPU
		{0E657969-B032-4698-93DA-DA2FA861CF63}.Ad-Hoc|iPhoneSimulator.Deploy.0 = Debug|Any CPU
		{0E657969-B032-4698-93DA-DA2FA861CF63}.AppStore|Any CPU.ActiveCfg = Debug|Any CPU
		{0E657969-B032-4698-93DA-DA2FA861CF63}.AppStore|Any CPU.Build.0 = Debug|Any CPU
		{0E657969-B032-4698-93DA-DA2FA861CF63}.AppStore|Any CPU.Deploy.0 = Debug|Any CPU
		{0E657969-B032-4698-93DA-DA2FA861CF63}.AppStore|iPhone.ActiveCfg = Debug|Any CPU
		{0E657969-B032-4698-93DA-DA2FA861CF63}.AppStore|iPhone.Build.0 = Debug|Any CPU
		{0E657969-B032-4698-93DA-DA2FA861CF63}.AppStore|iPhone.Deploy.0 = Debug|Any CPU
		{0E657969-B032-4698-93DA-DA2FA861CF63}.AppStore|iPhoneSimulator.ActiveCfg = Debug|Any CPU
		{0E657969-B032-4698-93DA-DA2FA861CF63}.AppStore|iPhoneSimulator.Build.0 = Debug|Any CPU
		{0E657969-B032-4698-93DA-DA2FA861CF63}.AppStore|iPhoneSimulator.Deploy.0 = Debug|Any CPU
		{0E657969-B032-4698-93DA-DA2FA861CF63}.Debug|Any CPU.ActiveCfg = Debug|Any CPU
		{0E657969-B032-4698-93DA-DA2FA861CF63}.Debug|Any CPU.Build.0 = Debug|Any CPU
		{0E657969-B032-4698-93DA-DA2FA861CF63}.Debug|Any CPU.Deploy.0 = Debug|Any CPU
		{0E657969-B032-4698-93DA-DA2FA861CF63}.Debug|iPhone.ActiveCfg = Debug|Any CPU
		{0E657969-B032-4698-93DA-DA2FA861CF63}.Debug|iPhone.Build.0 = Debug|Any CPU
		{0E657969-B032-4698-93DA-DA2FA861CF63}.Debug|iPhone.Deploy.0 = Debug|Any CPU
		{0E657969-B032-4698-93DA-DA2FA861CF63}.Debug|iPhoneSimulator.ActiveCfg = Debug|Any CPU
		{0E657969-B032-4698-93DA-DA2FA861CF63}.Debug|iPhoneSimulator.Build.0 = Debug|Any CPU
		{0E657969-B032-4698-93DA-DA2FA861CF63}.Debug|iPhoneSimulator.Deploy.0 = Debug|Any CPU
		{0E657969-B032-4698-93DA-DA2FA861CF63}.Release|Any CPU.ActiveCfg = Release|Any CPU
		{0E657969-B032-4698-93DA-DA2FA861CF63}.Release|Any CPU.Build.0 = Release|Any CPU
		{0E657969-B032-4698-93DA-DA2FA861CF63}.Release|Any CPU.Deploy.0 = Release|Any CPU
		{0E657969-B032-4698-93DA-DA2FA861CF63}.Release|iPhone.ActiveCfg = Release|Any CPU
		{0E657969-B032-4698-93DA-DA2FA861CF63}.Release|iPhone.Build.0 = Release|Any CPU
		{0E657969-B032-4698-93DA-DA2FA861CF63}.Release|iPhone.Deploy.0 = Release|Any CPU
		{0E657969-B032-4698-93DA-DA2FA861CF63}.Release|iPhoneSimulator.ActiveCfg = Release|Any CPU
		{0E657969-B032-4698-93DA-DA2FA861CF63}.Release|iPhoneSimulator.Build.0 = Release|Any CPU
		{0E657969-B032-4698-93DA-DA2FA861CF63}.Release|iPhoneSimulator.Deploy.0 = Release|Any CPU
	EndGlobalSection
	GlobalSection(SolutionProperties) = preSolution
		HideSolutionNode = FALSE
	EndGlobalSection
	GlobalSection(ExtensibilityGlobals) = postSolution
		SolutionGuid = {2811B3E3-CD7F-4C5A-8DC8-ADAC6FB6A6F7}
	EndGlobalSection
EndGlobal
